// !$*UTF8*$!
{
	archiveVersion = 1;
	classes = {
	};
	objectVersion = 56;
	objects = {

/* Begin PBXBuildFile section */
		CE12B2B42C3098E900909A8B /* MoveMeApp.swift in Sources */ = {isa = PBXBuildFile; fileRef = CE12B2B32C3098E900909A8B /* MoveMeApp.swift */; };
		CE12B2B62C3098E900909A8B /* ContentView.swift in Sources */ = {isa = PBXBuildFile; fileRef = CE12B2B52C3098E900909A8B /* ContentView.swift */; };
		CE12B2B82C3098EA00909A8B /* Assets.xcassets in Resources */ = {isa = PBXBuildFile; fileRef = CE12B2B72C3098EA00909A8B /* Assets.xcassets */; };
		CE12B2BB2C3098EA00909A8B /* Preview Assets.xcassets in Resources */ = {isa = PBXBuildFile; fileRef = CE12B2BA2C3098EA00909A8B /* Preview Assets.xcassets */; };
		CE2448472C7BEF2700CB4E5D /* SubscritionsCoverView.swift in Sources */ = {isa = PBXBuildFile; fileRef = CE2448462C7BEF2700CB4E5D /* SubscritionsCoverView.swift */; };
		CE46AF2A2C561A8D00AF4081 /* AddPhotosView.swift in Sources */ = {isa = PBXBuildFile; fileRef = CE46AF292C561A8D00AF4081 /* AddPhotosView.swift */; };
		CE46AF2D2C5762FC00AF4081 /* DurationEditView.swift in Sources */ = {isa = PBXBuildFile; fileRef = CE46AF2C2C5762FC00AF4081 /* DurationEditView.swift */; };
		CE46AF302C57635300AF4081 /* VisualEffectView.swift in Sources */ = {isa = PBXBuildFile; fileRef = CE46AF2F2C57635300AF4081 /* VisualEffectView.swift */; };
		CE46AF332C5763C800AF4081 /* UIImage + Extensions.swift in Sources */ = {isa = PBXBuildFile; fileRef = CE46AF322C5763C800AF4081 /* UIImage + Extensions.swift */; };
		CE674AA72C58C06F001A461E /* VideoRenderingManager.swift in Sources */ = {isa = PBXBuildFile; fileRef = CE674AA62C58C06F001A461E /* VideoRenderingManager.swift */; };
		CE674AA92C5968A1001A461E /* SaveVideoView.swift in Sources */ = {isa = PBXBuildFile; fileRef = CE674AA82C5968A1001A461E /* SaveVideoView.swift */; };
		CE674AAB2C5A9E30001A461E /* DeviceModel.swift in Sources */ = {isa = PBXBuildFile; fileRef = CE674AAA2C5A9E30001A461E /* DeviceModel.swift */; };
		CE674AAD2C5AA366001A461E /* ActivityViewController.swift in Sources */ = {isa = PBXBuildFile; fileRef = CE674AAC2C5AA366001A461E /* ActivityViewController.swift */; };
		CE674AB02C5AF5E4001A461E /* Template.swift in Sources */ = {isa = PBXBuildFile; fileRef = CE674AAF2C5AF5E4001A461E /* Template.swift */; };
		CE674AB22C5B0FE0001A461E /* GoogleService-Info.plist in Resources */ = {isa = PBXBuildFile; fileRef = CE674AB12C5B0FE0001A461E /* GoogleService-Info.plist */; };
		CE674AB62C5B10E1001A461E /* FirebaseAnalytics in Frameworks */ = {isa = PBXBuildFile; productRef = CE674AB52C5B10E1001A461E /* FirebaseAnalytics */; };
		CE674ABC2C5B10E1001A461E /* FirebaseAppCheck in Frameworks */ = {isa = PBXBuildFile; productRef = CE674ABB2C5B10E1001A461E /* FirebaseAppCheck */; };
		CE674AC02C5B10E1001A461E /* FirebaseAuth in Frameworks */ = {isa = PBXBuildFile; productRef = CE674ABF2C5B10E1001A461E /* FirebaseAuth */; };
		CE674AC42C5B10E1001A461E /* FirebaseCrashlytics in Frameworks */ = {isa = PBXBuildFile; productRef = CE674AC32C5B10E1001A461E /* FirebaseCrashlytics */; };
		CE674AC62C5B10E1001A461E /* FirebaseDatabase in Frameworks */ = {isa = PBXBuildFile; productRef = CE674AC52C5B10E1001A461E /* FirebaseDatabase */; };
		CE674ACA2C5B10E1001A461E /* FirebaseFirestore in Frameworks */ = {isa = PBXBuildFile; productRef = CE674AC92C5B10E1001A461E /* FirebaseFirestore */; };
		CE674ACE2C5B10E1001A461E /* FirebaseFunctions in Frameworks */ = {isa = PBXBuildFile; productRef = CE674ACD2C5B10E1001A461E /* FirebaseFunctions */; };
		CE674AD22C5B10E1001A461E /* FirebaseInAppMessaging-Beta in Frameworks */ = {isa = PBXBuildFile; productRef = CE674AD12C5B10E1001A461E /* FirebaseInAppMessaging-Beta */; };
		CE674AD42C5B10E1001A461E /* FirebaseInstallations in Frameworks */ = {isa = PBXBuildFile; productRef = CE674AD32C5B10E1001A461E /* FirebaseInstallations */; };
		CE674AD62C5B10E1001A461E /* FirebaseMessaging in Frameworks */ = {isa = PBXBuildFile; productRef = CE674AD52C5B10E1001A461E /* FirebaseMessaging */; };
		CE674ADC2C5B10E1001A461E /* FirebaseRemoteConfig in Frameworks */ = {isa = PBXBuildFile; productRef = CE674ADB2C5B10E1001A461E /* FirebaseRemoteConfig */; };
		CE674ADE2C5B10E1001A461E /* FirebaseStorage in Frameworks */ = {isa = PBXBuildFile; productRef = CE674ADD2C5B10E1001A461E /* FirebaseStorage */; };
		CE7FE8A42C3E61740009841D /* CreateReelPhotoLibraryView.swift in Sources */ = {isa = PBXBuildFile; fileRef = CE7FE8A32C3E61740009841D /* CreateReelPhotoLibraryView.swift */; };
		CE7FE8A62C3F29DB0009841D /* TemplateDetailView.swift in Sources */ = {isa = PBXBuildFile; fileRef = CE7FE8A52C3F29DB0009841D /* TemplateDetailView.swift */; };
		CE7FE8A82C40FCC20009841D /* SelectTemplateView.swift in Sources */ = {isa = PBXBuildFile; fileRef = CE7FE8A72C40FCC20009841D /* SelectTemplateView.swift */; };
		CE7FEB172C39173B003E9DCB /* TabBarScreen.swift in Sources */ = {isa = PBXBuildFile; fileRef = CE7FEB162C39173B003E9DCB /* TabBarScreen.swift */; };
		CE7FEB192C39175B003E9DCB /* TemplatesView.swift in Sources */ = {isa = PBXBuildFile; fileRef = CE7FEB182C39175B003E9DCB /* TemplatesView.swift */; };
		CE7FEB1B2C39177A003E9DCB /* PhotosView.swift in Sources */ = {isa = PBXBuildFile; fileRef = CE7FEB1A2C39177A003E9DCB /* PhotosView.swift */; };
		CE7FEB1D2C391795003E9DCB /* SplashView.swift in Sources */ = {isa = PBXBuildFile; fileRef = CE7FEB1C2C391795003E9DCB /* SplashView.swift */; };
		CEA198092C69E553007BFFE2 /* AddMusicView.swift in Sources */ = {isa = PBXBuildFile; fileRef = CEA198082C69E553007BFFE2 /* AddMusicView.swift */; };
		CEA545932CB2787900BAFF1D /* Reel1.mp4 in Resources */ = {isa = PBXBuildFile; fileRef = CEA5458E2CB2787800BAFF1D /* Reel1.mp4 */; };
		CEA545942CB2787900BAFF1D /* Reel4.mp4 in Resources */ = {isa = PBXBuildFile; fileRef = CEA5458F2CB2787800BAFF1D /* Reel4.mp4 */; };
		CEA545952CB2787900BAFF1D /* Reel2.mp4 in Resources */ = {isa = PBXBuildFile; fileRef = CEA545902CB2787800BAFF1D /* Reel2.mp4 */; };
		CEA545962CB2787900BAFF1D /* Reel3.mp4 in Resources */ = {isa = PBXBuildFile; fileRef = CEA545912CB2787900BAFF1D /* Reel3.mp4 */; };
		CEA545972CB2787900BAFF1D /* Reel5.mp4 in Resources */ = {isa = PBXBuildFile; fileRef = CEA545922CB2787900BAFF1D /* Reel5.mp4 */; };
		CEA545992CB355E200BAFF1D /* ShazamAPIManager.swift in Sources */ = {isa = PBXBuildFile; fileRef = CEA545982CB355E200BAFF1D /* ShazamAPIManager.swift */; };
		CEA5459B2CB3576C00BAFF1D /* VideoCountManager.swift in Sources */ = {isa = PBXBuildFile; fileRef = CEA5459A2CB3576C00BAFF1D /* VideoCountManager.swift */; };
		CEA5459D2CB4102A00BAFF1D /* PurchaseManager.swift in Sources */ = {isa = PBXBuildFile; fileRef = CEA5459C2CB4102A00BAFF1D /* PurchaseManager.swift */; };
		CEA84CC72C80241D00C6EA56 /* StoreKit.framework in Frameworks */ = {isa = PBXBuildFile; fileRef = CEA84CC62C80241D00C6EA56 /* StoreKit.framework */; };
		CEC1DBE32C8FC59C003B81A5 /* SettingsView.swift in Sources */ = {isa = PBXBuildFile; fileRef = CEC1DBE22C8FC59C003B81A5 /* SettingsView.swift */; };
		CEFD0DEB2C486ED100BB1230 /* VideoEditingView.swift in Sources */ = {isa = PBXBuildFile; fileRef = CEFD0DEA2C486ED100BB1230 /* VideoEditingView.swift */; };
/* End PBXBuildFile section */

/* Begin PBXFileReference section */
		CE12B2B02C3098E900909A8B /* MoveMe.app */ = {isa = PBXFileReference; explicitFileType = wrapper.application; includeInIndex = 0; path = MoveMe.app; sourceTree = BUILT_PRODUCTS_DIR; };
		CE12B2B32C3098E900909A8B /* MoveMeApp.swift */ = {isa = PBXFileReference; lastKnownFileType = sourcecode.swift; path = MoveMeApp.swift; sourceTree = "<group>"; };
		CE12B2B52C3098E900909A8B /* ContentView.swift */ = {isa = PBXFileReference; lastKnownFileType = sourcecode.swift; path = ContentView.swift; sourceTree = "<group>"; };
		CE12B2B72C3098EA00909A8B /* Assets.xcassets */ = {isa = PBXFileReference; lastKnownFileType = folder.assetcatalog; path = Assets.xcassets; sourceTree = "<group>"; };
		CE12B2BA2C3098EA00909A8B /* Preview Assets.xcassets */ = {isa = PBXFileReference; lastKnownFileType = folder.assetcatalog; path = "Preview Assets.xcassets"; sourceTree = "<group>"; };
		CE2448462C7BEF2700CB4E5D /* SubscritionsCoverView.swift */ = {isa = PBXFileReference; lastKnownFileType = sourcecode.swift; path = SubscritionsCoverView.swift; sourceTree = "<group>"; };
		CE2448482C7C0DF100CB4E5D /* MoveMe.storekit */ = {isa = PBXFileReference; lastKnownFileType = text; path = MoveMe.storekit; sourceTree = "<group>"; };
		CE46AF292C561A8D00AF4081 /* AddPhotosView.swift */ = {isa = PBXFileReference; lastKnownFileType = sourcecode.swift; path = AddPhotosView.swift; sourceTree = "<group>"; };
		CE46AF2C2C5762FC00AF4081 /* DurationEditView.swift */ = {isa = PBXFileReference; lastKnownFileType = sourcecode.swift; path = DurationEditView.swift; sourceTree = "<group>"; };
		CE46AF2F2C57635300AF4081 /* VisualEffectView.swift */ = {isa = PBXFileReference; lastKnownFileType = sourcecode.swift; path = VisualEffectView.swift; sourceTree = "<group>"; };
		CE46AF322C5763C800AF4081 /* UIImage + Extensions.swift */ = {isa = PBXFileReference; lastKnownFileType = sourcecode.swift; path = "UIImage + Extensions.swift"; sourceTree = "<group>"; };
		CE674AA62C58C06F001A461E /* VideoRenderingManager.swift */ = {isa = PBXFileReference; lastKnownFileType = sourcecode.swift; path = VideoRenderingManager.swift; sourceTree = "<group>"; };
		CE674AA82C5968A1001A461E /* SaveVideoView.swift */ = {isa = PBXFileReference; lastKnownFileType = sourcecode.swift; path = SaveVideoView.swift; sourceTree = "<group>"; };
		CE674AAA2C5A9E30001A461E /* DeviceModel.swift */ = {isa = PBXFileReference; lastKnownFileType = sourcecode.swift; path = DeviceModel.swift; sourceTree = "<group>"; };
		CE674AAC2C5AA366001A461E /* ActivityViewController.swift */ = {isa = PBXFileReference; lastKnownFileType = sourcecode.swift; path = ActivityViewController.swift; sourceTree = "<group>"; };
		CE674AAF2C5AF5E4001A461E /* Template.swift */ = {isa = PBXFileReference; lastKnownFileType = sourcecode.swift; name = Template.swift; path = ../Template.swift; sourceTree = "<group>"; };
		CE674AB12C5B0FE0001A461E /* GoogleService-Info.plist */ = {isa = PBXFileReference; fileEncoding = 4; lastKnownFileType = text.plist.xml; path = "GoogleService-Info.plist"; sourceTree = "<group>"; };
		CE7FE8A32C3E61740009841D /* CreateReelPhotoLibraryView.swift */ = {isa = PBXFileReference; lastKnownFileType = sourcecode.swift; path = CreateReelPhotoLibraryView.swift; sourceTree = "<group>"; };
		CE7FE8A52C3F29DB0009841D /* TemplateDetailView.swift */ = {isa = PBXFileReference; lastKnownFileType = sourcecode.swift; path = TemplateDetailView.swift; sourceTree = "<group>"; };
		CE7FE8A72C40FCC20009841D /* SelectTemplateView.swift */ = {isa = PBXFileReference; lastKnownFileType = sourcecode.swift; path = SelectTemplateView.swift; sourceTree = "<group>"; };
		CE7FEB162C39173B003E9DCB /* TabBarScreen.swift */ = {isa = PBXFileReference; lastKnownFileType = sourcecode.swift; path = TabBarScreen.swift; sourceTree = "<group>"; };
		CE7FEB182C39175B003E9DCB /* TemplatesView.swift */ = {isa = PBXFileReference; lastKnownFileType = sourcecode.swift; path = TemplatesView.swift; sourceTree = "<group>"; };
		CE7FEB1A2C39177A003E9DCB /* PhotosView.swift */ = {isa = PBXFileReference; lastKnownFileType = sourcecode.swift; path = PhotosView.swift; sourceTree = "<group>"; };
		CE7FEB1C2C391795003E9DCB /* SplashView.swift */ = {isa = PBXFileReference; lastKnownFileType = sourcecode.swift; path = SplashView.swift; sourceTree = "<group>"; };
		CE7FEB1E2C3A3961003E9DCB /* Info.plist */ = {isa = PBXFileReference; lastKnownFileType = text.plist; path = Info.plist; sourceTree = "<group>"; };
		CEA198082C69E553007BFFE2 /* AddMusicView.swift */ = {isa = PBXFileReference; lastKnownFileType = sourcecode.swift; path = AddMusicView.swift; sourceTree = "<group>"; };
		CEA5458E2CB2787800BAFF1D /* Reel1.mp4 */ = {isa = PBXFileReference; lastKnownFileType = file; path = Reel1.mp4; sourceTree = "<group>"; };
		CEA5458F2CB2787800BAFF1D /* Reel4.mp4 */ = {isa = PBXFileReference; lastKnownFileType = file; path = Reel4.mp4; sourceTree = "<group>"; };
		CEA545902CB2787800BAFF1D /* Reel2.mp4 */ = {isa = PBXFileReference; lastKnownFileType = file; path = Reel2.mp4; sourceTree = "<group>"; };
		CEA545912CB2787900BAFF1D /* Reel3.mp4 */ = {isa = PBXFileReference; lastKnownFileType = file; path = Reel3.mp4; sourceTree = "<group>"; };
		CEA545922CB2787900BAFF1D /* Reel5.mp4 */ = {isa = PBXFileReference; lastKnownFileType = file; path = Reel5.mp4; sourceTree = "<group>"; };
		CEA545982CB355E200BAFF1D /* ShazamAPIManager.swift */ = {isa = PBXFileReference; lastKnownFileType = sourcecode.swift; path = ShazamAPIManager.swift; sourceTree = "<group>"; };
		CEA5459A2CB3576C00BAFF1D /* VideoCountManager.swift */ = {isa = PBXFileReference; lastKnownFileType = sourcecode.swift; path = VideoCountManager.swift; sourceTree = "<group>"; };
		CEA5459C2CB4102A00BAFF1D /* PurchaseManager.swift */ = {isa = PBXFileReference; lastKnownFileType = sourcecode.swift; path = PurchaseManager.swift; sourceTree = "<group>"; };
		CEA84CC62C80241D00C6EA56 /* StoreKit.framework */ = {isa = PBXFileReference; lastKnownFileType = wrapper.framework; name = StoreKit.framework; path = System/Library/Frameworks/StoreKit.framework; sourceTree = SDKROOT; };
		CEC1DBE22C8FC59C003B81A5 /* SettingsView.swift */ = {isa = PBXFileReference; lastKnownFileType = sourcecode.swift; path = SettingsView.swift; sourceTree = "<group>"; };
		CEFD0DEA2C486ED100BB1230 /* VideoEditingView.swift */ = {isa = PBXFileReference; lastKnownFileType = sourcecode.swift; path = VideoEditingView.swift; sourceTree = "<group>"; };
/* End PBXFileReference section */

/* Begin PBXFrameworksBuildPhase section */
		CE12B2AD2C3098E900909A8B /* Frameworks */ = {
			isa = PBXFrameworksBuildPhase;
			buildActionMask = 2147483647;
			files = (
				CE674ABC2C5B10E1001A461E /* FirebaseAppCheck in Frameworks */,
				CE674AC02C5B10E1001A461E /* FirebaseAuth in Frameworks */,
				CE674AB62C5B10E1001A461E /* FirebaseAnalytics in Frameworks */,
				CE674AC42C5B10E1001A461E /* FirebaseCrashlytics in Frameworks */,
				CE674AC62C5B10E1001A461E /* FirebaseDatabase in Frameworks */,
				CE674AD62C5B10E1001A461E /* FirebaseMessaging in Frameworks */,
				CE674ADE2C5B10E1001A461E /* FirebaseStorage in Frameworks */,
				CE674ACE2C5B10E1001A461E /* FirebaseFunctions in Frameworks */,
				CE674AD42C5B10E1001A461E /* FirebaseInstallations in Frameworks */,
				CE674ACA2C5B10E1001A461E /* FirebaseFirestore in Frameworks */,
				CE674AD22C5B10E1001A461E /* FirebaseInAppMessaging-Beta in Frameworks */,
				CEA84CC72C80241D00C6EA56 /* StoreKit.framework in Frameworks */,
				CE674ADC2C5B10E1001A461E /* FirebaseRemoteConfig in Frameworks */,
			);
			runOnlyForDeploymentPostprocessing = 0;
		};
/* End PBXFrameworksBuildPhase section */

/* Begin PBXGroup section */
		CE12B2A72C3098E900909A8B = {
			isa = PBXGroup;
			children = (
				CE12B2B22C3098E900909A8B /* MoveMe */,
				CE12B2B12C3098E900909A8B /* Products */,
				CE674AB42C5B10E1001A461E /* Frameworks */,
			);
			sourceTree = "<group>";
		};
		CE12B2B12C3098E900909A8B /* Products */ = {
			isa = PBXGroup;
			children = (
				CE12B2B02C3098E900909A8B /* MoveMe.app */,
			);
			name = Products;
			sourceTree = "<group>";
		};
		CE12B2B22C3098E900909A8B /* MoveMe */ = {
			isa = PBXGroup;
			children = (
				CE674AB12C5B0FE0001A461E /* GoogleService-Info.plist */,
				CE7FEB1E2C3A3961003E9DCB /* Info.plist */,
				CE12B2B32C3098E900909A8B /* MoveMeApp.swift */,
				CE12B2B52C3098E900909A8B /* ContentView.swift */,
				CE7FE8B02C40FD6B0009841D /* Helper */,
				CE7FE8AF2C40FD3A0009841D /* Modules */,
				CE7FE8AD2C40FD1B0009841D /* Resources */,
				CE12B2B92C3098EA00909A8B /* Preview Content */,
			);
			path = MoveMe;
			sourceTree = "<group>";
		};
		CE12B2B92C3098EA00909A8B /* Preview Content */ = {
			isa = PBXGroup;
			children = (
				CE12B2BA2C3098EA00909A8B /* Preview Assets.xcassets */,
			);
			path = "Preview Content";
			sourceTree = "<group>";
		};
		CE674AB42C5B10E1001A461E /* Frameworks */ = {
			isa = PBXGroup;
			children = (
				CEA84CC62C80241D00C6EA56 /* StoreKit.framework */,
			);
			name = Frameworks;
			sourceTree = "<group>";
		};
		CE7FE8AA2C40FCF60009841D /* Tabs */ = {
			isa = PBXGroup;
			children = (
				CE7FEB162C39173B003E9DCB /* TabBarScreen.swift */,
				CE7FE8AC2C40FD060009841D /* Photos */,
				CE7FE8AB2C40FCFE0009841D /* Templates */,
			);
			path = Tabs;
			sourceTree = "<group>";
		};
		CE7FE8AB2C40FCFE0009841D /* Templates */ = {
			isa = PBXGroup;
			children = (
				CE2448482C7C0DF100CB4E5D /* MoveMe.storekit */,
				CE7FEB182C39175B003E9DCB /* TemplatesView.swift */,
				CE7FE8A52C3F29DB0009841D /* TemplateDetailView.swift */,
				CE7FE8A32C3E61740009841D /* CreateReelPhotoLibraryView.swift */,
				CEFD0DEA2C486ED100BB1230 /* VideoEditingView.swift */,
				CE46AF292C561A8D00AF4081 /* AddPhotosView.swift */,
				CE46AF2C2C5762FC00AF4081 /* DurationEditView.swift */,
				CE674AA82C5968A1001A461E /* SaveVideoView.swift */,
				CEA198082C69E553007BFFE2 /* AddMusicView.swift */,
				CE2448462C7BEF2700CB4E5D /* SubscritionsCoverView.swift */,
				CEC1DBE22C8FC59C003B81A5 /* SettingsView.swift */,
			);
			path = Templates;
			sourceTree = "<group>";
		};
		CE7FE8AC2C40FD060009841D /* Photos */ = {
			isa = PBXGroup;
			children = (
				CE7FEB1A2C39177A003E9DCB /* PhotosView.swift */,
				CE7FE8A72C40FCC20009841D /* SelectTemplateView.swift */,
			);
			path = Photos;
			sourceTree = "<group>";
		};
		CE7FE8AD2C40FD1B0009841D /* Resources */ = {
			isa = PBXGroup;
			children = (
				CEA5458E2CB2787800BAFF1D /* Reel1.mp4 */,
				CEA545902CB2787800BAFF1D /* Reel2.mp4 */,
				CEA545912CB2787900BAFF1D /* Reel3.mp4 */,
				CEA5458F2CB2787800BAFF1D /* Reel4.mp4 */,
				CEA545922CB2787900BAFF1D /* Reel5.mp4 */,
				CE12B2B72C3098EA00909A8B /* Assets.xcassets */,
			);
			path = Resources;
			sourceTree = "<group>";
		};
		CE7FE8AE2C40FD2E0009841D /* Onboarding */ = {
			isa = PBXGroup;
			children = (
				CE7FEB1C2C391795003E9DCB /* SplashView.swift */,
			);
			path = Onboarding;
			sourceTree = "<group>";
		};
		CE7FE8AF2C40FD3A0009841D /* Modules */ = {
			isa = PBXGroup;
			children = (
				CE674AAF2C5AF5E4001A461E /* Template.swift */,
				CE7FE8AE2C40FD2E0009841D /* Onboarding */,
				CE7FE8AA2C40FCF60009841D /* Tabs */,
			);
			path = Modules;
			sourceTree = "<group>";
		};
		CE7FE8B02C40FD6B0009841D /* Helper */ = {
			isa = PBXGroup;
			children = (
				CE46AF2F2C57635300AF4081 /* VisualEffectView.swift */,
				CE46AF322C5763C800AF4081 /* UIImage + Extensions.swift */,
				CE674AAA2C5A9E30001A461E /* DeviceModel.swift */,
				CE674AAC2C5AA366001A461E /* ActivityViewController.swift */,
				CE674AA62C58C06F001A461E /* VideoRenderingManager.swift */,
				CEA545982CB355E200BAFF1D /* ShazamAPIManager.swift */,
				CEA5459A2CB3576C00BAFF1D /* VideoCountManager.swift */,
				CEA5459C2CB4102A00BAFF1D /* PurchaseManager.swift */,
			);
			path = Helper;
			sourceTree = "<group>";
		};
/* End PBXGroup section */

/* Begin PBXNativeTarget section */
		CE12B2AF2C3098E900909A8B /* MoveMe */ = {
			isa = PBXNativeTarget;
			buildConfigurationList = CE12B2BE2C3098EA00909A8B /* Build configuration list for PBXNativeTarget "MoveMe" */;
			buildPhases = (
				CE12B2AC2C3098E900909A8B /* Sources */,
				CE12B2AD2C3098E900909A8B /* Frameworks */,
				CE12B2AE2C3098E900909A8B /* Resources */,
			);
			buildRules = (
			);
			dependencies = (
			);
			name = MoveMe;
			packageProductDependencies = (
				CE674AB52C5B10E1001A461E /* FirebaseAnalytics */,
				CE674ABB2C5B10E1001A461E /* FirebaseAppCheck */,
				CE674ABF2C5B10E1001A461E /* FirebaseAuth */,
				CE674AC32C5B10E1001A461E /* FirebaseCrashlytics */,
				CE674AC52C5B10E1001A461E /* FirebaseDatabase */,
				CE674AC92C5B10E1001A461E /* FirebaseFirestore */,
				CE674ACD2C5B10E1001A461E /* FirebaseFunctions */,
				CE674AD12C5B10E1001A461E /* FirebaseInAppMessaging-Beta */,
				CE674AD32C5B10E1001A461E /* FirebaseInstallations */,
				CE674AD52C5B10E1001A461E /* FirebaseMessaging */,
				CE674ADB2C5B10E1001A461E /* FirebaseRemoteConfig */,
				CE674ADD2C5B10E1001A461E /* FirebaseStorage */,
			);
			productName = MoveMe;
			productReference = CE12B2B02C3098E900909A8B /* MoveMe.app */;
			productType = "com.apple.product-type.application";
		};
/* End PBXNativeTarget section */

/* Begin PBXProject section */
		CE12B2A82C3098E900909A8B /* Project object */ = {
			isa = PBXProject;
			attributes = {
				BuildIndependentTargetsInParallel = 1;
				LastSwiftUpdateCheck = 1540;
				LastUpgradeCheck = 1540;
				TargetAttributes = {
					CE12B2AF2C3098E900909A8B = {
						CreatedOnToolsVersion = 15.4;
					};
				};
			};
			buildConfigurationList = CE12B2AB2C3098E900909A8B /* Build configuration list for PBXProject "MoveMe" */;
			compatibilityVersion = "Xcode 14.0";
			developmentRegion = en;
			hasScannedForEncodings = 0;
			knownRegions = (
				en,
				Base,
			);
			mainGroup = CE12B2A72C3098E900909A8B;
			packageReferences = (
				CE674AB32C5B10CF001A461E /* XCRemoteSwiftPackageReference "firebase-ios-sdk" */,
			);
			productRefGroup = CE12B2B12C3098E900909A8B /* Products */;
			projectDirPath = "";
			projectRoot = "";
			targets = (
				CE12B2AF2C3098E900909A8B /* MoveMe */,
			);
		};
/* End PBXProject section */

/* Begin PBXResourcesBuildPhase section */
		CE12B2AE2C3098E900909A8B /* Resources */ = {
			isa = PBXResourcesBuildPhase;
			buildActionMask = 2147483647;
			files = (
				CE12B2BB2C3098EA00909A8B /* Preview Assets.xcassets in Resources */,
				CEA545962CB2787900BAFF1D /* Reel3.mp4 in Resources */,
				CEA545932CB2787900BAFF1D /* Reel1.mp4 in Resources */,
				CEA545952CB2787900BAFF1D /* Reel2.mp4 in Resources */,
				CE12B2B82C3098EA00909A8B /* Assets.xcassets in Resources */,
				CEA545972CB2787900BAFF1D /* Reel5.mp4 in Resources */,
				CE674AB22C5B0FE0001A461E /* GoogleService-Info.plist in Resources */,
				CEA545942CB2787900BAFF1D /* Reel4.mp4 in Resources */,
			);
			runOnlyForDeploymentPostprocessing = 0;
		};
/* End PBXResourcesBuildPhase section */

/* Begin PBXSourcesBuildPhase section */
		CE12B2AC2C3098E900909A8B /* Sources */ = {
			isa = PBXSourcesBuildPhase;
			buildActionMask = 2147483647;
			files = (
				CEA198092C69E553007BFFE2 /* AddMusicView.swift in Sources */,
				CE674AA92C5968A1001A461E /* SaveVideoView.swift in Sources */,
				CEA5459B2CB3576C00BAFF1D /* VideoCountManager.swift in Sources */,
				CEA545992CB355E200BAFF1D /* ShazamAPIManager.swift in Sources */,
				CE7FE8A62C3F29DB0009841D /* TemplateDetailView.swift in Sources */,
				CE7FEB172C39173B003E9DCB /* TabBarScreen.swift in Sources */,
				CE46AF2A2C561A8D00AF4081 /* AddPhotosView.swift in Sources */,
				CE674AB02C5AF5E4001A461E /* Template.swift in Sources */,
				CE674AAB2C5A9E30001A461E /* DeviceModel.swift in Sources */,
				CEFD0DEB2C486ED100BB1230 /* VideoEditingView.swift in Sources */,
				CE7FE8A42C3E61740009841D /* CreateReelPhotoLibraryView.swift in Sources */,
				CE674AA72C58C06F001A461E /* VideoRenderingManager.swift in Sources */,
				CE46AF332C5763C800AF4081 /* UIImage + Extensions.swift in Sources */,
				CE46AF2D2C5762FC00AF4081 /* DurationEditView.swift in Sources */,
				CEA5459D2CB4102A00BAFF1D /* PurchaseManager.swift in Sources */,
				CE12B2B62C3098E900909A8B /* ContentView.swift in Sources */,
				CE12B2B42C3098E900909A8B /* MoveMeApp.swift in Sources */,
				CE46AF302C57635300AF4081 /* VisualEffectView.swift in Sources */,
				CE7FEB192C39175B003E9DCB /* TemplatesView.swift in Sources */,
				CE7FEB1B2C39177A003E9DCB /* PhotosView.swift in Sources */,
				CE2448472C7BEF2700CB4E5D /* SubscritionsCoverView.swift in Sources */,
				CE674AAD2C5AA366001A461E /* ActivityViewController.swift in Sources */,
				CE7FE8A82C40FCC20009841D /* SelectTemplateView.swift in Sources */,
				CE7FEB1D2C391795003E9DCB /* SplashView.swift in Sources */,
				CEC1DBE32C8FC59C003B81A5 /* SettingsView.swift in Sources */,
			);
			runOnlyForDeploymentPostprocessing = 0;
		};
/* End PBXSourcesBuildPhase section */

/* Begin XCBuildConfiguration section */
		CE12B2BC2C3098EA00909A8B /* Debug */ = {
			isa = XCBuildConfiguration;
			buildSettings = {
				ALWAYS_SEARCH_USER_PATHS = NO;
				ASSETCATALOG_COMPILER_GENERATE_SWIFT_ASSET_SYMBOL_EXTENSIONS = YES;
				CLANG_ANALYZER_NONNULL = YES;
				CLANG_ANALYZER_NUMBER_OBJECT_CONVERSION = YES_AGGRESSIVE;
				CLANG_CXX_LANGUAGE_STANDARD = "gnu++20";
				CLANG_ENABLE_MODULES = YES;
				CLANG_ENABLE_OBJC_ARC = YES;
				CLANG_ENABLE_OBJC_WEAK = YES;
				CLANG_WARN_BLOCK_CAPTURE_AUTORELEASING = YES;
				CLANG_WARN_BOOL_CONVERSION = YES;
				CLANG_WARN_COMMA = YES;
				CLANG_WARN_CONSTANT_CONVERSION = YES;
				CLANG_WARN_DEPRECATED_OBJC_IMPLEMENTATIONS = YES;
				CLANG_WARN_DIRECT_OBJC_ISA_USAGE = YES_ERROR;
				CLANG_WARN_DOCUMENTATION_COMMENTS = YES;
				CLANG_WARN_EMPTY_BODY = YES;
				CLANG_WARN_ENUM_CONVERSION = YES;
				CLANG_WARN_INFINITE_RECURSION = YES;
				CLANG_WARN_INT_CONVERSION = YES;
				CLANG_WARN_NON_LITERAL_NULL_CONVERSION = YES;
				CLANG_WARN_OBJC_IMPLICIT_RETAIN_SELF = YES;
				CLANG_WARN_OBJC_LITERAL_CONVERSION = YES;
				CLANG_WARN_OBJC_ROOT_CLASS = YES_ERROR;
				CLANG_WARN_QUOTED_INCLUDE_IN_FRAMEWORK_HEADER = YES;
				CLANG_WARN_RANGE_LOOP_ANALYSIS = YES;
				CLANG_WARN_STRICT_PROTOTYPES = YES;
				CLANG_WARN_SUSPICIOUS_MOVE = YES;
				CLANG_WARN_UNGUARDED_AVAILABILITY = YES_AGGRESSIVE;
				CLANG_WARN_UNREACHABLE_CODE = YES;
				CLANG_WARN__DUPLICATE_METHOD_MATCH = YES;
				COPY_PHASE_STRIP = NO;
				DEBUG_INFORMATION_FORMAT = dwarf;
				ENABLE_STRICT_OBJC_MSGSEND = YES;
				ENABLE_TESTABILITY = YES;
				ENABLE_USER_SCRIPT_SANDBOXING = YES;
				GCC_C_LANGUAGE_STANDARD = gnu17;
				GCC_DYNAMIC_NO_PIC = NO;
				GCC_NO_COMMON_BLOCKS = YES;
				GCC_OPTIMIZATION_LEVEL = 0;
				GCC_PREPROCESSOR_DEFINITIONS = (
					"DEBUG=1",
					"$(inherited)",
				);
				GCC_WARN_64_TO_32_BIT_CONVERSION = YES;
				GCC_WARN_ABOUT_RETURN_TYPE = YES_ERROR;
				GCC_WARN_UNDECLARED_SELECTOR = YES;
				GCC_WARN_UNINITIALIZED_AUTOS = YES_AGGRESSIVE;
				GCC_WARN_UNUSED_FUNCTION = YES;
				GCC_WARN_UNUSED_VARIABLE = YES;
				IPHONEOS_DEPLOYMENT_TARGET = 17.5;
				LOCALIZATION_PREFERS_STRING_CATALOGS = YES;
				MTL_ENABLE_DEBUG_INFO = INCLUDE_SOURCE;
				MTL_FAST_MATH = YES;
				ONLY_ACTIVE_ARCH = YES;
				SDKROOT = iphoneos;
				SWIFT_ACTIVE_COMPILATION_CONDITIONS = "DEBUG $(inherited)";
				SWIFT_OPTIMIZATION_LEVEL = "-Onone";
			};
			name = Debug;
		};
		CE12B2BD2C3098EA00909A8B /* Release */ = {
			isa = XCBuildConfiguration;
			buildSettings = {
				ALWAYS_SEARCH_USER_PATHS = NO;
				ASSETCATALOG_COMPILER_GENERATE_SWIFT_ASSET_SYMBOL_EXTENSIONS = YES;
				CLANG_ANALYZER_NONNULL = YES;
				CLANG_ANALYZER_NUMBER_OBJECT_CONVERSION = YES_AGGRESSIVE;
				CLANG_CXX_LANGUAGE_STANDARD = "gnu++20";
				CLANG_ENABLE_MODULES = YES;
				CLANG_ENABLE_OBJC_ARC = YES;
				CLANG_ENABLE_OBJC_WEAK = YES;
				CLANG_WARN_BLOCK_CAPTURE_AUTORELEASING = YES;
				CLANG_WARN_BOOL_CONVERSION = YES;
				CLANG_WARN_COMMA = YES;
				CLANG_WARN_CONSTANT_CONVERSION = YES;
				CLANG_WARN_DEPRECATED_OBJC_IMPLEMENTATIONS = YES;
				CLANG_WARN_DIRECT_OBJC_ISA_USAGE = YES_ERROR;
				CLANG_WARN_DOCUMENTATION_COMMENTS = YES;
				CLANG_WARN_EMPTY_BODY = YES;
				CLANG_WARN_ENUM_CONVERSION = YES;
				CLANG_WARN_INFINITE_RECURSION = YES;
				CLANG_WARN_INT_CONVERSION = YES;
				CLANG_WARN_NON_LITERAL_NULL_CONVERSION = YES;
				CLANG_WARN_OBJC_IMPLICIT_RETAIN_SELF = YES;
				CLANG_WARN_OBJC_LITERAL_CONVERSION = YES;
				CLANG_WARN_OBJC_ROOT_CLASS = YES_ERROR;
				CLANG_WARN_QUOTED_INCLUDE_IN_FRAMEWORK_HEADER = YES;
				CLANG_WARN_RANGE_LOOP_ANALYSIS = YES;
				CLANG_WARN_STRICT_PROTOTYPES = YES;
				CLANG_WARN_SUSPICIOUS_MOVE = YES;
				CLANG_WARN_UNGUARDED_AVAILABILITY = YES_AGGRESSIVE;
				CLANG_WARN_UNREACHABLE_CODE = YES;
				CLANG_WARN__DUPLICATE_METHOD_MATCH = YES;
				COPY_PHASE_STRIP = NO;
				DEBUG_INFORMATION_FORMAT = "dwarf-with-dsym";
				ENABLE_NS_ASSERTIONS = NO;
				ENABLE_STRICT_OBJC_MSGSEND = YES;
				ENABLE_USER_SCRIPT_SANDBOXING = YES;
				GCC_C_LANGUAGE_STANDARD = gnu17;
				GCC_NO_COMMON_BLOCKS = YES;
				GCC_WARN_64_TO_32_BIT_CONVERSION = YES;
				GCC_WARN_ABOUT_RETURN_TYPE = YES_ERROR;
				GCC_WARN_UNDECLARED_SELECTOR = YES;
				GCC_WARN_UNINITIALIZED_AUTOS = YES_AGGRESSIVE;
				GCC_WARN_UNUSED_FUNCTION = YES;
				GCC_WARN_UNUSED_VARIABLE = YES;
				IPHONEOS_DEPLOYMENT_TARGET = 17.5;
				LOCALIZATION_PREFERS_STRING_CATALOGS = YES;
				MTL_ENABLE_DEBUG_INFO = NO;
				MTL_FAST_MATH = YES;
				SDKROOT = iphoneos;
				SWIFT_COMPILATION_MODE = wholemodule;
				VALIDATE_PRODUCT = YES;
			};
			name = Release;
		};
		CE12B2BF2C3098EA00909A8B /* Debug */ = {
			isa = XCBuildConfiguration;
			buildSettings = {
				ASSETCATALOG_COMPILER_APPICON_NAME = AppIcon;
				ASSETCATALOG_COMPILER_GLOBAL_ACCENT_COLOR_NAME = AccentColor;
				CODE_SIGN_STYLE = Automatic;
				CURRENT_PROJECT_VERSION = 1;
				DEVELOPMENT_ASSET_PATHS = "\"MoveMe/Preview Content\"";
				DEVELOPMENT_TEAM = 3898G4S9Q7;
				ENABLE_PREVIEWS = YES;
				GENERATE_INFOPLIST_FILE = YES;
				INFOPLIST_FILE = MoveMe/Info.plist;
				INFOPLIST_KEY_NSPhotoLibraryAddUsageDescription = "We need access to save the created videos to your photo library.";
				INFOPLIST_KEY_NSPhotoLibraryUsageDescription = "We need access to your photo library to create videos.";
				INFOPLIST_KEY_UIApplicationSceneManifest_Generation = YES;
				INFOPLIST_KEY_UIApplicationSupportsIndirectInputEvents = YES;
				INFOPLIST_KEY_UILaunchScreen_Generation = YES;
				INFOPLIST_KEY_UISupportedInterfaceOrientations = UIInterfaceOrientationPortrait;
				IPHONEOS_DEPLOYMENT_TARGET = 16.0;
				LD_RUNPATH_SEARCH_PATHS = (
					"$(inherited)",
					"@executable_path/Frameworks",
				);
				MARKETING_VERSION = 1.0;
				PRODUCT_BUNDLE_IDENTIFIER = com.yaroslavDev.MoveMe;
				PRODUCT_NAME = "$(TARGET_NAME)";
				SWIFT_EMIT_LOC_STRINGS = YES;
				SWIFT_VERSION = 5.0;
				TARGETED_DEVICE_FAMILY = "1,2";
			};
			name = Debug;
		};
		CE12B2C02C3098EA00909A8B /* Release */ = {
			isa = XCBuildConfiguration;
			buildSettings = {
				ASSETCATALOG_COMPILER_APPICON_NAME = AppIcon;
				ASSETCATALOG_COMPILER_GLOBAL_ACCENT_COLOR_NAME = AccentColor;
				CODE_SIGN_STYLE = Automatic;
				CURRENT_PROJECT_VERSION = 1;
				DEVELOPMENT_ASSET_PATHS = "\"MoveMe/Preview Content\"";
				DEVELOPMENT_TEAM = 3898G4S9Q7;
				ENABLE_PREVIEWS = YES;
				GENERATE_INFOPLIST_FILE = YES;
				INFOPLIST_FILE = MoveMe/Info.plist;
				INFOPLIST_KEY_NSPhotoLibraryAddUsageDescription = "We need access to save the created videos to your photo library.";
				INFOPLIST_KEY_NSPhotoLibraryUsageDescription = "We need access to your photo library to create videos.";
				INFOPLIST_KEY_UIApplicationSceneManifest_Generation = YES;
				INFOPLIST_KEY_UIApplicationSupportsIndirectInputEvents = YES;
				INFOPLIST_KEY_UILaunchScreen_Generation = YES;
				INFOPLIST_KEY_UISupportedInterfaceOrientations = UIInterfaceOrientationPortrait;
				IPHONEOS_DEPLOYMENT_TARGET = 16.0;
				LD_RUNPATH_SEARCH_PATHS = (
					"$(inherited)",
					"@executable_path/Frameworks",
				);
				MARKETING_VERSION = 1.0;
				PRODUCT_BUNDLE_IDENTIFIER = com.yaroslavDev.MoveMe;
				PRODUCT_NAME = "$(TARGET_NAME)";
				SWIFT_EMIT_LOC_STRINGS = YES;
				SWIFT_VERSION = 5.0;
				TARGETED_DEVICE_FAMILY = "1,2";
			};
			name = Release;
		};
/* End XCBuildConfiguration section */

/* Begin XCConfigurationList section */
		CE12B2AB2C3098E900909A8B /* Build configuration list for PBXProject "MoveMe" */ = {
			isa = XCConfigurationList;
			buildConfigurations = (
				CE12B2BC2C3098EA00909A8B /* Debug */,
				CE12B2BD2C3098EA00909A8B /* Release */,
			);
			defaultConfigurationIsVisible = 0;
			defaultConfigurationName = Release;
		};
		CE12B2BE2C3098EA00909A8B /* Build configuration list for PBXNativeTarget "MoveMe" */ = {
			isa = XCConfigurationList;
			buildConfigurations = (
				CE12B2BF2C3098EA00909A8B /* Debug */,
				CE12B2C02C3098EA00909A8B /* Release */,
			);
			defaultConfigurationIsVisible = 0;
			defaultConfigurationName = Release;
		};
/* End XCConfigurationList section */

/* Begin XCRemoteSwiftPackageReference section */
		CE674AB32C5B10CF001A461E /* XCRemoteSwiftPackageReference "firebase-ios-sdk" */ = {
			isa = XCRemoteSwiftPackageReference;
			repositoryURL = "https://github.com/firebase/firebase-ios-sdk";
			requirement = {
				kind = upToNextMajorVersion;
				minimumVersion = 11.0.0;
			};
		};
/* End XCRemoteSwiftPackageReference section */

/* Begin XCSwiftPackageProductDependency section */
		CE674AB52C5B10E1001A461E /* FirebaseAnalytics */ = {
			isa = XCSwiftPackageProductDependency;
			package = CE674AB32C5B10CF001A461E /* XCRemoteSwiftPackageReference "firebase-ios-sdk" */;
			productName = FirebaseAnalytics;
		};
		CE674ABB2C5B10E1001A461E /* FirebaseAppCheck */ = {
			isa = XCSwiftPackageProductDependency;
			package = CE674AB32C5B10CF001A461E /* XCRemoteSwiftPackageReference "firebase-ios-sdk" */;
			productName = FirebaseAppCheck;
		};
		CE674ABF2C5B10E1001A461E /* FirebaseAuth */ = {
			isa = XCSwiftPackageProductDependency;
			package = CE674AB32C5B10CF001A461E /* XCRemoteSwiftPackageReference "firebase-ios-sdk" */;
			productName = FirebaseAuth;
		};
		CE674AC32C5B10E1001A461E /* FirebaseCrashlytics */ = {
			isa = XCSwiftPackageProductDependency;
			package = CE674AB32C5B10CF001A461E /* XCRemoteSwiftPackageReference "firebase-ios-sdk" */;
			productName = FirebaseCrashlytics;
		};
		CE674AC52C5B10E1001A461E /* FirebaseDatabase */ = {
			isa = XCSwiftPackageProductDependency;
			package = CE674AB32C5B10CF001A461E /* XCRemoteSwiftPackageReference "firebase-ios-sdk" */;
			productName = FirebaseDatabase;
		};
		CE674AC92C5B10E1001A461E /* FirebaseFirestore */ = {
			isa = XCSwiftPackageProductDependency;
			package = CE674AB32C5B10CF001A461E /* XCRemoteSwiftPackageReference "firebase-ios-sdk" */;
			productName = FirebaseFirestore;
		};
		CE674ACD2C5B10E1001A461E /* FirebaseFunctions */ = {
			isa = XCSwiftPackageProductDependency;
			package = CE674AB32C5B10CF001A461E /* XCRemoteSwiftPackageReference "firebase-ios-sdk" */;
			productName = FirebaseFunctions;
		};
		CE674AD12C5B10E1001A461E /* FirebaseInAppMessaging-Beta */ = {
			isa = XCSwiftPackageProductDependency;
			package = CE674AB32C5B10CF001A461E /* XCRemoteSwiftPackageReference "firebase-ios-sdk" */;
			productName = "FirebaseInAppMessaging-Beta";
		};
		CE674AD32C5B10E1001A461E /* FirebaseInstallations */ = {
			isa = XCSwiftPackageProductDependency;
			package = CE674AB32C5B10CF001A461E /* XCRemoteSwiftPackageReference "firebase-ios-sdk" */;
			productName = FirebaseInstallations;
		};
		CE674AD52C5B10E1001A461E /* FirebaseMessaging */ = {
			isa = XCSwiftPackageProductDependency;
			package = CE674AB32C5B10CF001A461E /* XCRemoteSwiftPackageReference "firebase-ios-sdk" */;
			productName = FirebaseMessaging;
		};
		CE674ADB2C5B10E1001A461E /* FirebaseRemoteConfig */ = {
			isa = XCSwiftPackageProductDependency;
			package = CE674AB32C5B10CF001A461E /* XCRemoteSwiftPackageReference "firebase-ios-sdk" */;
			productName = FirebaseRemoteConfig;
		};
		CE674ADD2C5B10E1001A461E /* FirebaseStorage */ = {
			isa = XCSwiftPackageProductDependency;
			package = CE674AB32C5B10CF001A461E /* XCRemoteSwiftPackageReference "firebase-ios-sdk" */;
			productName = FirebaseStorage;
		};
/* End XCSwiftPackageProductDependency section */
	};
	rootObject = CE12B2A82C3098E900909A8B /* Project object */;
}
